
Microsoft Visual Studio Solution File, Format Version 12.00
# Visual Studio 15
VisualStudioVersion = 15.0.28307.1082
MinimumVisualStudioVersion = 10.0.40219.1
Project("{FAE04EC0-301F-11D3-BF4B-00C04F79EFBC}") = "PostMortemPossession", "PostMortemPossession\PostMortemPossession.csproj", "{1ACB156D-4A49-4A03-9B1F-36D5C87C6338}"
EndProject
Global
	GlobalSection(SolutionConfigurationPlatforms) = preSolution
		Debug|Any CPU = Debug|Any CPU
		Release|Any CPU = Release|Any CPU
	EndGlobalSection
	GlobalSection(ProjectConfigurationPlatforms) = postSolution
		{1ACB156D-4A49-4A03-9B1F-36D5C87C6338}.Debug|Any CPU.ActiveCfg = Debug|Any CPU
		{1ACB156D-4A49-4A03-9B1F-36D5C87C6338}.Debug|Any CPU.Build.0 = Debug|Any CPU
		{1ACB156D-4A49-4A03-9B1F-36D5C87C6338}.Release|Any CPU.ActiveCfg = Release|Any CPU
		{1ACB156D-4A49-4A03-9B1F-36D5C87C6338}.Release|Any CPU.Build.0 = Release|Any CPU
	EndGlobalSection
	GlobalSection(SolutionProperties) = preSolution
		HideSolutionNode = FALSE
	EndGlobalSection
	GlobalSection(ExtensibilityGlobals) = postSolution
		SolutionGuid = {748911D0-F284-4CDC-BBA9-B07DA73C7956}
	EndGlobalSection
EndGlobal
